// !$*UTF8*$!
{
	archiveVersion = 1;
	classes = {
	};
	objectVersion = 50;
	objects = {

/* Begin PBXBuildFile section */
		CD2FDC6520E3C4B70099D61E /* pngmem.c in Sources */ = {isa = PBXBuildFile; fileRef = CD2FDC5620E3C4B60099D61E /* pngmem.c */; };
		CD2FDC6620E3C4B70099D61E /* pngpread.c in Sources */ = {isa = PBXBuildFile; fileRef = CD2FDC5720E3C4B60099D61E /* pngpread.c */; };
		CD2FDC6720E3C4B70099D61E /* pngset.c in Sources */ = {isa = PBXBuildFile; fileRef = CD2FDC5820E3C4B70099D61E /* pngset.c */; };
		CD2FDC6820E3C4B70099D61E /* pngerror.c in Sources */ = {isa = PBXBuildFile; fileRef = CD2FDC5920E3C4B70099D61E /* pngerror.c */; };
		CD2FDC6920E3C4B70099D61E /* pngget.c in Sources */ = {isa = PBXBuildFile; fileRef = CD2FDC5A20E3C4B70099D61E /* pngget.c */; };
		CD2FDC6A20E3C4B70099D61E /* pngtrans.c in Sources */ = {isa = PBXBuildFile; fileRef = CD2FDC5B20E3C4B70099D61E /* pngtrans.c */; };
		CD2FDC6B20E3C4B70099D61E /* pngwio.c in Sources */ = {isa = PBXBuildFile; fileRef = CD2FDC5C20E3C4B70099D61E /* pngwio.c */; };
		CD2FDC6C20E3C4B70099D61E /* pngwtran.c in Sources */ = {isa = PBXBuildFile; fileRef = CD2FDC5D20E3C4B70099D61E /* pngwtran.c */; };
		CD2FDC6D20E3C4B70099D61E /* pngread.c in Sources */ = {isa = PBXBuildFile; fileRef = CD2FDC5E20E3C4B70099D61E /* pngread.c */; };
		CD2FDC6E20E3C4B70099D61E /* png.c in Sources */ = {isa = PBXBuildFile; fileRef = CD2FDC5F20E3C4B70099D61E /* png.c */; };
		CD2FDC6F20E3C4B70099D61E /* pngrio.c in Sources */ = {isa = PBXBuildFile; fileRef = CD2FDC6020E3C4B70099D61E /* pngrio.c */; };
		CD2FDC7020E3C4B70099D61E /* pngrtran.c in Sources */ = {isa = PBXBuildFile; fileRef = CD2FDC6120E3C4B70099D61E /* pngrtran.c */; };
		CD2FDC7120E3C4B70099D61E /* pngwutil.c in Sources */ = {isa = PBXBuildFile; fileRef = CD2FDC6220E3C4B70099D61E /* pngwutil.c */; };
		CD2FDC7220E3C4B70099D61E /* pngrutil.c in Sources */ = {isa = PBXBuildFile; fileRef = CD2FDC6320E3C4B70099D61E /* pngrutil.c */; };
		CD2FDC7320E3C4B70099D61E /* pngwrite.c in Sources */ = {isa = PBXBuildFile; fileRef = CD2FDC6420E3C4B70099D61E /* pngwrite.c */; };
/* End PBXBuildFile section */

/* Begin PBXCopyFilesBuildPhase section */
		CD2FDC4720E3C44E0099D61E /* CopyFiles */ = {
			isa = PBXCopyFilesBuildPhase;
			buildActionMask = 2147483647;
			dstPath = "include/$(PRODUCT_NAME)";
			dstSubfolderSpec = 16;
			files = (
			);
			runOnlyForDeploymentPostprocessing = 0;
		};
/* End PBXCopyFilesBuildPhase section */

/* Begin PBXFileReference section */
		CD2FDC4920E3C44E0099D61E /* libpng.a */ = {isa = PBXFileReference; explicitFileType = archive.ar; includeInIndex = 0; path = libpng.a; sourceTree = BUILT_PRODUCTS_DIR; };
		CD2FDC5620E3C4B60099D61E /* pngmem.c */ = {isa = PBXFileReference; fileEncoding = 4; lastKnownFileType = sourcecode.c.c; name = pngmem.c; path = ../../../../pngmem.c; sourceTree = "<group>"; };
		CD2FDC5720E3C4B60099D61E /* pngpread.c */ = {isa = PBXFileReference; fileEncoding = 4; lastKnownFileType = sourcecode.c.c; name = pngpread.c; path = ../../../../pngpread.c; sourceTree = "<group>"; };
		CD2FDC5820E3C4B70099D61E /* pngset.c */ = {isa = PBXFileReference; fileEncoding = 4; lastKnownFileType = sourcecode.c.c; name = pngset.c; path = ../../../../pngset.c; sourceTree = "<group>"; };
		CD2FDC5920E3C4B70099D61E /* pngerror.c */ = {isa = PBXFileReference; fileEncoding = 4; lastKnownFileType = sourcecode.c.c; name = pngerror.c; path = ../../../../pngerror.c; sourceTree = "<group>"; };
		CD2FDC5A20E3C4B70099D61E /* pngget.c */ = {isa = PBXFileReference; fileEncoding = 4; lastKnownFileType = sourcecode.c.c; name = pngget.c; path = ../../../../pngget.c; sourceTree = "<group>"; };
		CD2FDC5B20E3C4B70099D61E /* pngtrans.c */ = {isa = PBXFileReference; fileEncoding = 4; lastKnownFileType = sourcecode.c.c; name = pngtrans.c; path = ../../../../pngtrans.c; sourceTree = "<group>"; };
		CD2FDC5C20E3C4B70099D61E /* pngwio.c */ = {isa = PBXFileReference; fileEncoding = 4; lastKnownFileType = sourcecode.c.c; name = pngwio.c; path = ../../../../pngwio.c; sourceTree = "<group>"; };
		CD2FDC5D20E3C4B70099D61E /* pngwtran.c */ = {isa = PBXFileReference; fileEncoding = 4; lastKnownFileType = sourcecode.c.c; name = pngwtran.c; path = ../../../../pngwtran.c; sourceTree = "<group>"; };
		CD2FDC5E20E3C4B70099D61E /* pngread.c */ = {isa = PBXFileReference; fileEncoding = 4; lastKnownFileType = sourcecode.c.c; name = pngread.c; path = ../../../../pngread.c; sourceTree = "<group>"; };
		CD2FDC5F20E3C4B70099D61E /* png.c */ = {isa = PBXFileReference; fileEncoding = 4; lastKnownFileType = sourcecode.c.c; name = png.c; path = ../../../../png.c; sourceTree = "<group>"; };
		CD2FDC6020E3C4B70099D61E /* pngrio.c */ = {isa = PBXFileReference; fileEncoding = 4; lastKnownFileType = sourcecode.c.c; name = pngrio.c; path = ../../../../pngrio.c; sourceTree = "<group>"; };
		CD2FDC6120E3C4B70099D61E /* pngrtran.c */ = {isa = PBXFileReference; fileEncoding = 4; lastKnownFileType = sourcecode.c.c; name = pngrtran.c; path = ../../../../pngrtran.c; sourceTree = "<group>"; };
		CD2FDC6220E3C4B70099D61E /* pngwutil.c */ = {isa = PBXFileReference; fileEncoding = 4; lastKnownFileType = sourcecode.c.c; name = pngwutil.c; path = ../../../../pngwutil.c; sourceTree = "<group>"; };
		CD2FDC6320E3C4B70099D61E /* pngrutil.c */ = {isa = PBXFileReference; fileEncoding = 4; lastKnownFileType = sourcecode.c.c; name = pngrutil.c; path = ../../../../pngrutil.c; sourceTree = "<group>"; };
		CD2FDC6420E3C4B70099D61E /* pngwrite.c */ = {isa = PBXFileReference; fileEncoding = 4; lastKnownFileType = sourcecode.c.c; name = pngwrite.c; path = ../../../../pngwrite.c; sourceTree = "<group>"; };
/* End PBXFileReference section */

/* Begin PBXFrameworksBuildPhase section */
		CD2FDC4620E3C44E0099D61E /* Frameworks */ = {
			isa = PBXFrameworksBuildPhase;
			buildActionMask = 2147483647;
			files = (
			);
			runOnlyForDeploymentPostprocessing = 0;
		};
/* End PBXFrameworksBuildPhase section */

/* Begin PBXGroup section */
		CD2FDC4020E3C44E0099D61E = {
			isa = PBXGroup;
			children = (
				CD2FDC4B20E3C44E0099D61E /* png */,
				CD2FDC4A20E3C44E0099D61E /* Products */,
			);
			sourceTree = "<group>";
		};
		CD2FDC4A20E3C44E0099D61E /* Products */ = {
			isa = PBXGroup;
			children = (
				CD2FDC4920E3C44E0099D61E /* libpng.a */,
			);
			name = Products;
			sourceTree = "<group>";
		};
		CD2FDC4B20E3C44E0099D61E /* png */ = {
			isa = PBXGroup;
			children = (
				CD2FDC5520E3C45A0099D61E /* sources */,
			);
			path = png;
			sourceTree = "<group>";
		};
		CD2FDC5520E3C45A0099D61E /* sources */ = {
			isa = PBXGroup;
			children = (
				CD2FDC5F20E3C4B70099D61E /* png.c */,
				CD2FDC5920E3C4B70099D61E /* pngerror.c */,
				CD2FDC5A20E3C4B70099D61E /* pngget.c */,
				CD2FDC5620E3C4B60099D61E /* pngmem.c */,
				CD2FDC5720E3C4B60099D61E /* pngpread.c */,
				CD2FDC5E20E3C4B70099D61E /* pngread.c */,
				CD2FDC6020E3C4B70099D61E /* pngrio.c */,
				CD2FDC6120E3C4B70099D61E /* pngrtran.c */,
				CD2FDC6320E3C4B70099D61E /* pngrutil.c */,
				CD2FDC5820E3C4B70099D61E /* pngset.c */,
				CD2FDC5B20E3C4B70099D61E /* pngtrans.c */,
				CD2FDC5C20E3C4B70099D61E /* pngwio.c */,
				CD2FDC6420E3C4B70099D61E /* pngwrite.c */,
				CD2FDC5D20E3C4B70099D61E /* pngwtran.c */,
				CD2FDC6220E3C4B70099D61E /* pngwutil.c */,
			);
			name = sources;
			path = "New Group";
			sourceTree = "<group>";
		};
/* End PBXGroup section */

/* Begin PBXNativeTarget section */
		CD2FDC4820E3C44E0099D61E /* png */ = {
			isa = PBXNativeTarget;
			buildConfigurationList = CD2FDC5220E3C44E0099D61E /* Build configuration list for PBXNativeTarget "png" */;
			buildPhases = (
				CD2FDC4520E3C44E0099D61E /* Sources */,
				CD2FDC4620E3C44E0099D61E /* Frameworks */,
				CD2FDC4720E3C44E0099D61E /* CopyFiles */,
			);
			buildRules = (
			);
			dependencies = (
			);
			name = png;
			productName = png;
			productReference = CD2FDC4920E3C44E0099D61E /* libpng.a */;
			productType = "com.apple.product-type.library.static";
		};
/* End PBXNativeTarget section */

/* Begin PBXProject section */
		CD2FDC4120E3C44E0099D61E /* Project object */ = {
			isa = PBXProject;
			attributes = {
				LastUpgradeCheck = 0940;
				ORGANIZATIONNAME = "Stephane Capo";
				TargetAttributes = {
					CD2FDC4820E3C44E0099D61E = {
						CreatedOnToolsVersion = 9.4.1;
					};
				};
			};
			buildConfigurationList = CD2FDC4420E3C44E0099D61E /* Build configuration list for PBXProject "png" */;
			compatibilityVersion = "Xcode 9.3";
			developmentRegion = en;
			hasScannedForEncodings = 0;
			knownRegions = (
				en,
			);
			mainGroup = CD2FDC4020E3C44E0099D61E;
			productRefGroup = CD2FDC4A20E3C44E0099D61E /* Products */;
			projectDirPath = "";
			projectRoot = "";
			targets = (
				CD2FDC4820E3C44E0099D61E /* png */,
			);
		};
/* End PBXProject section */

/* Begin PBXSourcesBuildPhase section */
		CD2FDC4520E3C44E0099D61E /* Sources */ = {
			isa = PBXSourcesBuildPhase;
			buildActionMask = 2147483647;
			files = (
				CD2FDC6A20E3C4B70099D61E /* pngtrans.c in Sources */,
				CD2FDC6B20E3C4B70099D61E /* pngwio.c in Sources */,
				CD2FDC6620E3C4B70099D61E /* pngpread.c in Sources */,
				CD2FDC7320E3C4B70099D61E /* pngwrite.c in Sources */,
				CD2FDC6520E3C4B70099D61E /* pngmem.c in Sources */,
				CD2FDC7220E3C4B70099D61E /* pngrutil.c in Sources */,
				CD2FDC6C20E3C4B70099D61E /* pngwtran.c in Sources */,
				CD2FDC6E20E3C4B70099D61E /* png.c in Sources */,
				CD2FDC6F20E3C4B70099D61E /* pngrio.c in Sources */,
				CD2FDC7020E3C4B70099D61E /* pngrtran.c in Sources */,
				CD2FDC6D20E3C4B70099D61E /* pngread.c in Sources */,
				CD2FDC6820E3C4B70099D61E /* pngerror.c in Sources */,
				CD2FDC7120E3C4B70099D61E /* pngwutil.c in Sources */,
				CD2FDC6720E3C4B70099D61E /* pngset.c in Sources */,
				CD2FDC6920E3C4B70099D61E /* pngget.c in Sources */,
			);
			runOnlyForDeploymentPostprocessing = 0;
		};
/* End PBXSourcesBuildPhase section */

/* Begin XCBuildConfiguration section */
		CD2FDC5020E3C44E0099D61E /* Debug */ = {
			isa = XCBuildConfiguration;
			buildSettings = {
				ALWAYS_SEARCH_USER_PATHS = NO;
				CLANG_ANALYZER_NONNULL = YES;
				CLANG_ANALYZER_NUMBER_OBJECT_CONVERSION = YES_AGGRESSIVE;
				CLANG_CXX_LANGUAGE_STANDARD = "gnu++14";
				CLANG_CXX_LIBRARY = "libc++";
				CLANG_ENABLE_MODULES = YES;
				CLANG_ENABLE_OBJC_ARC = YES;
				CLANG_ENABLE_OBJC_WEAK = YES;
				CLANG_WARN_BLOCK_CAPTURE_AUTORELEASING = YES;
				CLANG_WARN_BOOL_CONVERSION = YES;
				CLANG_WARN_COMMA = YES;
				CLANG_WARN_CONSTANT_CONVERSION = YES;
				CLANG_WARN_DEPRECATED_OBJC_IMPLEMENTATIONS = YES;
				CLANG_WARN_DIRECT_OBJC_ISA_USAGE = YES_ERROR;
				CLANG_WARN_DOCUMENTATION_COMMENTS = YES;
				CLANG_WARN_EMPTY_BODY = YES;
				CLANG_WARN_ENUM_CONVERSION = YES;
				CLANG_WARN_INFINITE_RECURSION = YES;
				CLANG_WARN_INT_CONVERSION = YES;
				CLANG_WARN_NON_LITERAL_NULL_CONVERSION = YES;
				CLANG_WARN_OBJC_IMPLICIT_RETAIN_SELF = YES;
				CLANG_WARN_OBJC_LITERAL_CONVERSION = YES;
				CLANG_WARN_OBJC_ROOT_CLASS = YES_ERROR;
				CLANG_WARN_RANGE_LOOP_ANALYSIS = YES;
				CLANG_WARN_STRICT_PROTOTYPES = YES;
				CLANG_WARN_SUSPICIOUS_MOVE = YES;
				CLANG_WARN_UNGUARDED_AVAILABILITY = YES_AGGRESSIVE;
				CLANG_WARN_UNREACHABLE_CODE = YES;
				CLANG_WARN__DUPLICATE_METHOD_MATCH = YES;
				CODE_SIGN_IDENTITY = "iPhone Developer";
				COPY_PHASE_STRIP = NO;
				DEBUG_INFORMATION_FORMAT = dwarf;
				ENABLE_STRICT_OBJC_MSGSEND = YES;
				ENABLE_TESTABILITY = YES;
				GCC_C_LANGUAGE_STANDARD = gnu11;
				GCC_DYNAMIC_NO_PIC = NO;
				GCC_NO_COMMON_BLOCKS = YES;
				GCC_OPTIMIZATION_LEVEL = 0;
				GCC_PREPROCESSOR_DEFINITIONS = (
					"DEBUG=1",
					"$(inherited)",
				);
				GCC_WARN_64_TO_32_BIT_CONVERSION = YES;
				GCC_WARN_ABOUT_RETURN_TYPE = YES_ERROR;
				GCC_WARN_UNDECLARED_SELECTOR = YES;
				GCC_WARN_UNINITIALIZED_AUTOS = YES_AGGRESSIVE;
				GCC_WARN_UNUSED_FUNCTION = YES;
				GCC_WARN_UNUSED_VARIABLE = YES;
				IPHONEOS_DEPLOYMENT_TARGET = 11.4;
				MTL_ENABLE_DEBUG_INFO = YES;
				ONLY_ACTIVE_ARCH = YES;
				SDKROOT = iphoneos;
			};
			name = Debug;
		};
		CD2FDC5120E3C44E0099D61E /* Release */ = {
			isa = XCBuildConfiguration;
			buildSettings = {
				ALWAYS_SEARCH_USER_PATHS = NO;
				CLANG_ANALYZER_NONNULL = YES;
				CLANG_ANALYZER_NUMBER_OBJECT_CONVERSION = YES_AGGRESSIVE;
				CLANG_CXX_LANGUAGE_STANDARD = "gnu++14";
				CLANG_CXX_LIBRARY = "libc++";
				CLANG_ENABLE_MODULES = YES;
				CLANG_ENABLE_OBJC_ARC = YES;
				CLANG_ENABLE_OBJC_WEAK = YES;
				CLANG_WARN_BLOCK_CAPTURE_AUTORELEASING = YES;
				CLANG_WARN_BOOL_CONVERSION = YES;
				CLANG_WARN_COMMA = YES;
				CLANG_WARN_CONSTANT_CONVERSION = YES;
				CLANG_WARN_DEPRECATED_OBJC_IMPLEMENTATIONS = YES;
				CLANG_WARN_DIRECT_OBJC_ISA_USAGE = YES_ERROR;
				CLANG_WARN_DOCUMENTATION_COMMENTS = YES;
				CLANG_WARN_EMPTY_BODY = YES;
				CLANG_WARN_ENUM_CONVERSION = YES;
				CLANG_WARN_INFINITE_RECURSION = YES;
				CLANG_WARN_INT_CONVERSION = YES;
				CLANG_WARN_NON_LITERAL_NULL_CONVERSION = YES;
				CLANG_WARN_OBJC_IMPLICIT_RETAIN_SELF = YES;
				CLANG_WARN_OBJC_LITERAL_CONVERSION = YES;
				CLANG_WARN_OBJC_ROOT_CLASS = YES_ERROR;
				CLANG_WARN_RANGE_LOOP_ANALYSIS = YES;
				CLANG_WARN_STRICT_PROTOTYPES = YES;
				CLANG_WARN_SUSPICIOUS_MOVE = YES;
				CLANG_WARN_UNGUARDED_AVAILABILITY = YES_AGGRESSIVE;
				CLANG_WARN_UNREACHABLE_CODE = YES;
				CLANG_WARN__DUPLICATE_METHOD_MATCH = YES;
				CODE_SIGN_IDENTITY = "iPhone Developer";
				COPY_PHASE_STRIP = NO;
				DEBUG_INFORMATION_FORMAT = "dwarf-with-dsym";
				ENABLE_NS_ASSERTIONS = NO;
				ENABLE_STRICT_OBJC_MSGSEND = YES;
				GCC_C_LANGUAGE_STANDARD = gnu11;
				GCC_NO_COMMON_BLOCKS = YES;
				GCC_WARN_64_TO_32_BIT_CONVERSION = YES;
				GCC_WARN_ABOUT_RETURN_TYPE = YES_ERROR;
				GCC_WARN_UNDECLARED_SELECTOR = YES;
				GCC_WARN_UNINITIALIZED_AUTOS = YES_AGGRESSIVE;
				GCC_WARN_UNUSED_FUNCTION = YES;
				GCC_WARN_UNUSED_VARIABLE = YES;
				IPHONEOS_DEPLOYMENT_TARGET = 11.4;
				MTL_ENABLE_DEBUG_INFO = NO;
				SDKROOT = iphoneos;
				VALIDATE_PRODUCT = YES;
			};
			name = Release;
		};
		CD2FDC5320E3C44E0099D61E /* Debug */ = {
			isa = XCBuildConfiguration;
			buildSettings = {
				CODE_SIGN_STYLE = Automatic;
				DEVELOPMENT_TEAM = EKQ7UA8ZW4;
				HEADER_SEARCH_PATHS = ../..;
				IPHONEOS_DEPLOYMENT_TARGET = 9.0;
				OTHER_LDFLAGS = "-ObjC";
				PRODUCT_NAME = "$(TARGET_NAME)";
				SKIP_INSTALL = YES;
				TARGETED_DEVICE_FAMILY = "1,2";
			};
			name = Debug;
		};
		CD2FDC5420E3C44E0099D61E /* Release */ = {
			isa = XCBuildConfiguration;
			buildSettings = {
				CODE_SIGN_STYLE = Automatic;
				DEVELOPMENT_TEAM = EKQ7UA8ZW4;
				HEADER_SEARCH_PATHS = ../..;
				IPHONEOS_DEPLOYMENT_TARGET = 9.0;
				OTHER_LDFLAGS = "-ObjC";
				PRODUCT_NAME = "$(TARGET_NAME)";
				SKIP_INSTALL = YES;
				TARGETED_DEVICE_FAMILY = "1,2";
			};
			name = Release;
		};
/* End XCBuildConfiguration section */

/* Begin XCConfigurationList section */
		CD2FDC4420E3C44E0099D61E /* Build configuration list for PBXProject "png" */ = {
			isa = XCConfigurationList;
			buildConfigurations = (
				CD2FDC5020E3C44E0099D61E /* Debug */,
				CD2FDC5120E3C44E0099D61E /* Release */,
			);
			defaultConfigurationIsVisible = 0;
			defaultConfigurationName = Release;
		};
		CD2FDC5220E3C44E0099D61E /* Build configuration list for PBXNativeTarget "png" */ = {
			isa = XCConfigurationList;
			buildConfigurations = (
				CD2FDC5320E3C44E0099D61E /* Debug */,
				CD2FDC5420E3C44E0099D61E /* Release */,
			);
			defaultConfigurationIsVisible = 0;
			defaultConfigurationName = Release;
		};
/* End XCConfigurationList section */
	};
	rootObject = CD2FDC4120E3C44E0099D61E /* Project object */;
}
